// !$*UTF8*$!
{
	archiveVersion = 1;
	classes = {
	};
	objectVersion = 46;
	objects = {

/* Begin PBXBuildFile section */
		2FBDF63E180402F300D5868B /* Foundation.framework in Frameworks */ = {isa = PBXBuildFile; fileRef = 2FBDF63D180402F300D5868B /* Foundation.framework */; };
		2FBDF64C180402F300D5868B /* XCTest.framework in Frameworks */ = {isa = PBXBuildFile; fileRef = 2FBDF64B180402F300D5868B /* XCTest.framework */; };
		2FBDF64D180402F300D5868B /* Foundation.framework in Frameworks */ = {isa = PBXBuildFile; fileRef = 2FBDF63D180402F300D5868B /* Foundation.framework */; };
		2FBDF64F180402F300D5868B /* UIKit.framework in Frameworks */ = {isa = PBXBuildFile; fileRef = 2FBDF64E180402F300D5868B /* UIKit.framework */; };
		2FBDF652180402F300D5868B /* libPKRecord.a in Frameworks */ = {isa = PBXBuildFile; fileRef = 2FBDF63A180402F300D5868B /* libPKRecord.a */; };
		2FBDF658180402F300D5868B /* InfoPlist.strings in Resources */ = {isa = PBXBuildFile; fileRef = 2FBDF656180402F300D5868B /* InfoPlist.strings */; };
		2FBDF65A180402F300D5868B /* PKRecordTests.m in Sources */ = {isa = PBXBuildFile; fileRef = 2FBDF659180402F300D5868B /* PKRecordTests.m */; };
		2FBDF6761804035C00D5868B /* NSManagedObject+PKAggregation.m in Sources */ = {isa = PBXBuildFile; fileRef = 2FBDF6661804035C00D5868B /* NSManagedObject+PKAggregation.m */; };
		2FBDF6771804035C00D5868B /* NSManagedObject+PKFinder.m in Sources */ = {isa = PBXBuildFile; fileRef = 2FBDF6681804035C00D5868B /* NSManagedObject+PKFinder.m */; };
		2FBDF6781804035C00D5868B /* NSManagedObject+PKRecord.m in Sources */ = {isa = PBXBuildFile; fileRef = 2FBDF66A1804035C00D5868B /* NSManagedObject+PKRecord.m */; };
		2FBDF6791804035C00D5868B /* NSManagedObject+PKRequest.m in Sources */ = {isa = PBXBuildFile; fileRef = 2FBDF66C1804035C00D5868B /* NSManagedObject+PKRequest.m */; };
		2FBDF67B1804035C00D5868B /* PKRecord+Threading.m in Sources */ = {isa = PBXBuildFile; fileRef = 2FBDF6701804035C00D5868B /* PKRecord+Threading.m */; };
		2FBDF67C1804035C00D5868B /* PKRecord.m in Sources */ = {isa = PBXBuildFile; fileRef = 2FBDF6721804035C00D5868B /* PKRecord.m */; };
		2FBDF67D1804035C00D5868B /* PKRecordContext.m in Sources */ = {isa = PBXBuildFile; fileRef = 2FBDF6741804035C00D5868B /* PKRecordContext.m */; };
		2FBDF67F1804039200D5868B /* CoreData.framework in Frameworks */ = {isa = PBXBuildFile; fileRef = 2FBDF67E1804039200D5868B /* CoreData.framework */; };
		2FC833E818043D24000CFE94 /* PKRecord+ErrorHandling.m in Sources */ = {isa = PBXBuildFile; fileRef = 2FC833E718043D24000CFE94 /* PKRecord+ErrorHandling.m */; };
/* End PBXBuildFile section */

/* Begin PBXContainerItemProxy section */
		2FBDF650180402F300D5868B /* PBXContainerItemProxy */ = {
			isa = PBXContainerItemProxy;
			containerPortal = 2FBDF632180402F200D5868B /* Project object */;
			proxyType = 1;
			remoteGlobalIDString = 2FBDF639180402F200D5868B;
			remoteInfo = PKRecord;
		};
/* End PBXContainerItemProxy section */

/* Begin PBXCopyFilesBuildPhase section */
		2FBDF638180402F200D5868B /* CopyFiles */ = {
			isa = PBXCopyFilesBuildPhase;
			buildActionMask = 2147483647;
			dstPath = "include/$(PRODUCT_NAME)";
			dstSubfolderSpec = 16;
			files = (
			);
			runOnlyForDeploymentPostprocessing = 0;
		};
/* End PBXCopyFilesBuildPhase section */

/* Begin PBXFileReference section */
		2FBDF63A180402F300D5868B /* libPKRecord.a */ = {isa = PBXFileReference; explicitFileType = archive.ar; includeInIndex = 0; path = libPKRecord.a; sourceTree = BUILT_PRODUCTS_DIR; };
		2FBDF63D180402F300D5868B /* Foundation.framework */ = {isa = PBXFileReference; lastKnownFileType = wrapper.framework; name = Foundation.framework; path = System/Library/Frameworks/Foundation.framework; sourceTree = SDKROOT; };
		2FBDF641180402F300D5868B /* PKRecord-Prefix.pch */ = {isa = PBXFileReference; lastKnownFileType = sourcecode.c.h; path = "PKRecord-Prefix.pch"; sourceTree = "<group>"; };
		2FBDF64A180402F300D5868B /* PKRecordTests.xctest */ = {isa = PBXFileReference; explicitFileType = wrapper.cfbundle; includeInIndex = 0; path = PKRecordTests.xctest; sourceTree = BUILT_PRODUCTS_DIR; };
		2FBDF64B180402F300D5868B /* XCTest.framework */ = {isa = PBXFileReference; lastKnownFileType = wrapper.framework; name = XCTest.framework; path = Library/Frameworks/XCTest.framework; sourceTree = DEVELOPER_DIR; };
		2FBDF64E180402F300D5868B /* UIKit.framework */ = {isa = PBXFileReference; lastKnownFileType = wrapper.framework; name = UIKit.framework; path = Library/Frameworks/UIKit.framework; sourceTree = DEVELOPER_DIR; };
		2FBDF655180402F300D5868B /* PKRecordTests-Info.plist */ = {isa = PBXFileReference; lastKnownFileType = text.plist.xml; path = "PKRecordTests-Info.plist"; sourceTree = "<group>"; };
		2FBDF657180402F300D5868B /* en */ = {isa = PBXFileReference; lastKnownFileType = text.plist.strings; name = en; path = en.lproj/InfoPlist.strings; sourceTree = "<group>"; };
		2FBDF659180402F300D5868B /* PKRecordTests.m */ = {isa = PBXFileReference; lastKnownFileType = sourcecode.c.objc; path = PKRecordTests.m; sourceTree = "<group>"; };
		2FBDF6651804035C00D5868B /* NSManagedObject+PKAggregation.h */ = {isa = PBXFileReference; fileEncoding = 4; lastKnownFileType = sourcecode.c.h; path = "NSManagedObject+PKAggregation.h"; sourceTree = "<group>"; };
		2FBDF6661804035C00D5868B /* NSManagedObject+PKAggregation.m */ = {isa = PBXFileReference; fileEncoding = 4; lastKnownFileType = sourcecode.c.objc; path = "NSManagedObject+PKAggregation.m"; sourceTree = "<group>"; };
		2FBDF6671804035C00D5868B /* NSManagedObject+PKFinder.h */ = {isa = PBXFileReference; fileEncoding = 4; lastKnownFileType = sourcecode.c.h; path = "NSManagedObject+PKFinder.h"; sourceTree = "<group>"; };
		2FBDF6681804035C00D5868B /* NSManagedObject+PKFinder.m */ = {isa = PBXFileReference; fileEncoding = 4; lastKnownFileType = sourcecode.c.objc; path = "NSManagedObject+PKFinder.m"; sourceTree = "<group>"; };
		2FBDF6691804035C00D5868B /* NSManagedObject+PKRecord.h */ = {isa = PBXFileReference; fileEncoding = 4; lastKnownFileType = sourcecode.c.h; path = "NSManagedObject+PKRecord.h"; sourceTree = "<group>"; };
		2FBDF66A1804035C00D5868B /* NSManagedObject+PKRecord.m */ = {isa = PBXFileReference; fileEncoding = 4; lastKnownFileType = sourcecode.c.objc; path = "NSManagedObject+PKRecord.m"; sourceTree = "<group>"; };
		2FBDF66B1804035C00D5868B /* NSManagedObject+PKRequest.h */ = {isa = PBXFileReference; fileEncoding = 4; lastKnownFileType = sourcecode.c.h; path = "NSManagedObject+PKRequest.h"; sourceTree = "<group>"; };
		2FBDF66C1804035C00D5868B /* NSManagedObject+PKRequest.m */ = {isa = PBXFileReference; fileEncoding = 4; lastKnownFileType = sourcecode.c.objc; path = "NSManagedObject+PKRequest.m"; sourceTree = "<group>"; };
		2FBDF66F1804035C00D5868B /* PKRecord+Threading.h */ = {isa = PBXFileReference; fileEncoding = 4; lastKnownFileType = sourcecode.c.h; path = "PKRecord+Threading.h"; sourceTree = "<group>"; };
		2FBDF6701804035C00D5868B /* PKRecord+Threading.m */ = {isa = PBXFileReference; fileEncoding = 4; lastKnownFileType = sourcecode.c.objc; path = "PKRecord+Threading.m"; sourceTree = "<group>"; };
		2FBDF6711804035C00D5868B /* PKRecord.h */ = {isa = PBXFileReference; fileEncoding = 4; lastKnownFileType = sourcecode.c.h; path = PKRecord.h; sourceTree = "<group>"; };
		2FBDF6721804035C00D5868B /* PKRecord.m */ = {isa = PBXFileReference; fileEncoding = 4; lastKnownFileType = sourcecode.c.objc; path = PKRecord.m; sourceTree = "<group>"; };
		2FBDF6731804035C00D5868B /* PKRecordContext.h */ = {isa = PBXFileReference; fileEncoding = 4; lastKnownFileType = sourcecode.c.h; path = PKRecordContext.h; sourceTree = "<group>"; };
		2FBDF6741804035C00D5868B /* PKRecordContext.m */ = {isa = PBXFileReference; fileEncoding = 4; lastKnownFileType = sourcecode.c.objc; path = PKRecordContext.m; sourceTree = "<group>"; };
		2FBDF6751804035C00D5868B /* PKRecordKit.h */ = {isa = PBXFileReference; fileEncoding = 4; lastKnownFileType = sourcecode.c.h; path = PKRecordKit.h; sourceTree = "<group>"; };
		2FBDF67E1804039200D5868B /* CoreData.framework */ = {isa = PBXFileReference; lastKnownFileType = wrapper.framework; name = CoreData.framework; path = System/Library/Frameworks/CoreData.framework; sourceTree = SDKROOT; };
		2FC833E618043D24000CFE94 /* PKRecord+ErrorHandling.h */ = {isa = PBXFileReference; fileEncoding = 4; lastKnownFileType = sourcecode.c.h; path = "PKRecord+ErrorHandling.h"; sourceTree = "<group>"; };
		2FC833E718043D24000CFE94 /* PKRecord+ErrorHandling.m */ = {isa = PBXFileReference; fileEncoding = 4; lastKnownFileType = sourcecode.c.objc; path = "PKRecord+ErrorHandling.m"; sourceTree = "<group>"; };
/* End PBXFileReference section */

/* Begin PBXFrameworksBuildPhase section */
		2FBDF637180402F200D5868B /* Frameworks */ = {
			isa = PBXFrameworksBuildPhase;
			buildActionMask = 2147483647;
			files = (
				2FBDF67F1804039200D5868B /* CoreData.framework in Frameworks */,
				2FBDF63E180402F300D5868B /* Foundation.framework in Frameworks */,
			);
			runOnlyForDeploymentPostprocessing = 0;
		};
		2FBDF647180402F300D5868B /* Frameworks */ = {
			isa = PBXFrameworksBuildPhase;
			buildActionMask = 2147483647;
			files = (
				2FBDF64C180402F300D5868B /* XCTest.framework in Frameworks */,
				2FBDF652180402F300D5868B /* libPKRecord.a in Frameworks */,
				2FBDF64F180402F300D5868B /* UIKit.framework in Frameworks */,
				2FBDF64D180402F300D5868B /* Foundation.framework in Frameworks */,
			);
			runOnlyForDeploymentPostprocessing = 0;
		};
/* End PBXFrameworksBuildPhase section */

/* Begin PBXGroup section */
		2FBDF631180402F200D5868B = {
			isa = PBXGroup;
			children = (
				2FBDF63F180402F300D5868B /* PKRecord */,
				2FBDF653180402F300D5868B /* PKRecordTests */,
				2FBDF63C180402F300D5868B /* Frameworks */,
				2FBDF63B180402F300D5868B /* Products */,
			);
			sourceTree = "<group>";
		};
		2FBDF63B180402F300D5868B /* Products */ = {
			isa = PBXGroup;
			children = (
				2FBDF63A180402F300D5868B /* libPKRecord.a */,
				2FBDF64A180402F300D5868B /* PKRecordTests.xctest */,
			);
			name = Products;
			sourceTree = "<group>";
		};
		2FBDF63C180402F300D5868B /* Frameworks */ = {
			isa = PBXGroup;
			children = (
				2FBDF67E1804039200D5868B /* CoreData.framework */,
				2FBDF63D180402F300D5868B /* Foundation.framework */,
				2FBDF64B180402F300D5868B /* XCTest.framework */,
				2FBDF64E180402F300D5868B /* UIKit.framework */,
			);
			name = Frameworks;
			sourceTree = "<group>";
		};
		2FBDF63F180402F300D5868B /* PKRecord */ = {
			isa = PBXGroup;
			children = (
				2FBDF6631804035C00D5868B /* Source */,
				2FBDF640180402F300D5868B /* Supporting Files */,
			);
			path = PKRecord;
			sourceTree = "<group>";
		};
		2FBDF640180402F300D5868B /* Supporting Files */ = {
			isa = PBXGroup;
			children = (
				2FBDF641180402F300D5868B /* PKRecord-Prefix.pch */,
			);
			name = "Supporting Files";
			sourceTree = "<group>";
		};
		2FBDF653180402F300D5868B /* PKRecordTests */ = {
			isa = PBXGroup;
			children = (
				2FBDF659180402F300D5868B /* PKRecordTests.m */,
				2FBDF654180402F300D5868B /* Supporting Files */,
			);
			path = PKRecordTests;
			sourceTree = "<group>";
		};
		2FBDF654180402F300D5868B /* Supporting Files */ = {
			isa = PBXGroup;
			children = (
				2FBDF655180402F300D5868B /* PKRecordTests-Info.plist */,
				2FBDF656180402F300D5868B /* InfoPlist.strings */,
			);
			name = "Supporting Files";
			sourceTree = "<group>";
		};
		2FBDF6631804035C00D5868B /* Source */ = {
			isa = PBXGroup;
			children = (
				2FBDF6641804035C00D5868B /* NSManagedObject */,
				2FC833E618043D24000CFE94 /* PKRecord+ErrorHandling.h */,
				2FC833E718043D24000CFE94 /* PKRecord+ErrorHandling.m */,
				2FBDF66F1804035C00D5868B /* PKRecord+Threading.h */,
				2FBDF6701804035C00D5868B /* PKRecord+Threading.m */,
				2FBDF6711804035C00D5868B /* PKRecord.h */,
				2FBDF6721804035C00D5868B /* PKRecord.m */,
				2FBDF6731804035C00D5868B /* PKRecordContext.h */,
				2FBDF6741804035C00D5868B /* PKRecordContext.m */,
				2FBDF6751804035C00D5868B /* PKRecordKit.h */,
			);
			path = Source;
			sourceTree = "<group>";
		};
		2FBDF6641804035C00D5868B /* NSManagedObject */ = {
			isa = PBXGroup;
			children = (
				2FBDF6651804035C00D5868B /* NSManagedObject+PKAggregation.h */,
				2FBDF6661804035C00D5868B /* NSManagedObject+PKAggregation.m */,
				2FBDF6671804035C00D5868B /* NSManagedObject+PKFinder.h */,
				2FBDF6681804035C00D5868B /* NSManagedObject+PKFinder.m */,
				2FBDF6691804035C00D5868B /* NSManagedObject+PKRecord.h */,
				2FBDF66A1804035C00D5868B /* NSManagedObject+PKRecord.m */,
				2FBDF66B1804035C00D5868B /* NSManagedObject+PKRequest.h */,
				2FBDF66C1804035C00D5868B /* NSManagedObject+PKRequest.m */,
			);
			path = NSManagedObject;
			sourceTree = "<group>";
		};
/* End PBXGroup section */

/* Begin PBXNativeTarget section */
		2FBDF639180402F200D5868B /* PKRecord */ = {
			isa = PBXNativeTarget;
			buildConfigurationList = 2FBDF65D180402F300D5868B /* Build configuration list for PBXNativeTarget "PKRecord" */;
			buildPhases = (
				2FBDF636180402F200D5868B /* Sources */,
				2FBDF637180402F200D5868B /* Frameworks */,
				2FBDF638180402F200D5868B /* CopyFiles */,
			);
			buildRules = (
			);
			dependencies = (
			);
			name = PKRecord;
			productName = PKRecord;
			productReference = 2FBDF63A180402F300D5868B /* libPKRecord.a */;
			productType = "com.apple.product-type.library.static";
		};
		2FBDF649180402F300D5868B /* PKRecordTests */ = {
			isa = PBXNativeTarget;
			buildConfigurationList = 2FBDF660180402F300D5868B /* Build configuration list for PBXNativeTarget "PKRecordTests" */;
			buildPhases = (
				2FBDF646180402F300D5868B /* Sources */,
				2FBDF647180402F300D5868B /* Frameworks */,
				2FBDF648180402F300D5868B /* Resources */,
			);
			buildRules = (
			);
			dependencies = (
				2FBDF651180402F300D5868B /* PBXTargetDependency */,
			);
			name = PKRecordTests;
			productName = PKRecordTests;
			productReference = 2FBDF64A180402F300D5868B /* PKRecordTests.xctest */;
			productType = "com.apple.product-type.bundle.unit-test";
		};
/* End PBXNativeTarget section */

/* Begin PBXProject section */
		2FBDF632180402F200D5868B /* Project object */ = {
			isa = PBXProject;
			attributes = {
				LastUpgradeCheck = 0500;
				ORGANIZATIONNAME = passerbycrk;
			};
			buildConfigurationList = 2FBDF635180402F200D5868B /* Build configuration list for PBXProject "PKRecord" */;
			compatibilityVersion = "Xcode 3.2";
			developmentRegion = English;
			hasScannedForEncodings = 0;
			knownRegions = (
				en,
			);
			mainGroup = 2FBDF631180402F200D5868B;
			productRefGroup = 2FBDF63B180402F300D5868B /* Products */;
			projectDirPath = "";
			projectRoot = "";
			targets = (
				2FBDF639180402F200D5868B /* PKRecord */,
				2FBDF649180402F300D5868B /* PKRecordTests */,
			);
		};
/* End PBXProject section */

/* Begin PBXResourcesBuildPhase section */
		2FBDF648180402F300D5868B /* Resources */ = {
			isa = PBXResourcesBuildPhase;
			buildActionMask = 2147483647;
			files = (
				2FBDF658180402F300D5868B /* InfoPlist.strings in Resources */,
			);
			runOnlyForDeploymentPostprocessing = 0;
		};
/* End PBXResourcesBuildPhase section */

/* Begin PBXSourcesBuildPhase section */
		2FBDF636180402F200D5868B /* Sources */ = {
			isa = PBXSourcesBuildPhase;
			buildActionMask = 2147483647;
			files = (
				2FBDF6771804035C00D5868B /* NSManagedObject+PKFinder.m in Sources */,
				2FBDF6761804035C00D5868B /* NSManagedObject+PKAggregation.m in Sources */,
				2FBDF67B1804035C00D5868B /* PKRecord+Threading.m in Sources */,
				2FBDF67D1804035C00D5868B /* PKRecordContext.m in Sources */,
				2FBDF6791804035C00D5868B /* NSManagedObject+PKRequest.m in Sources */,
				2FBDF6781804035C00D5868B /* NSManagedObject+PKRecord.m in Sources */,
				2FBDF67C1804035C00D5868B /* PKRecord.m in Sources */,
				2FC833E818043D24000CFE94 /* PKRecord+ErrorHandling.m in Sources */,
			);
			runOnlyForDeploymentPostprocessing = 0;
		};
		2FBDF646180402F300D5868B /* Sources */ = {
			isa = PBXSourcesBuildPhase;
			buildActionMask = 2147483647;
			files = (
				2FBDF65A180402F300D5868B /* PKRecordTests.m in Sources */,
			);
			runOnlyForDeploymentPostprocessing = 0;
		};
/* End PBXSourcesBuildPhase section */

/* Begin PBXTargetDependency section */
		2FBDF651180402F300D5868B /* PBXTargetDependency */ = {
			isa = PBXTargetDependency;
			target = 2FBDF639180402F200D5868B /* PKRecord */;
			targetProxy = 2FBDF650180402F300D5868B /* PBXContainerItemProxy */;
		};
/* End PBXTargetDependency section */

/* Begin PBXVariantGroup section */
		2FBDF656180402F300D5868B /* InfoPlist.strings */ = {
			isa = PBXVariantGroup;
			children = (
				2FBDF657180402F300D5868B /* en */,
			);
			name = InfoPlist.strings;
			sourceTree = "<group>";
		};
/* End PBXVariantGroup section */

/* Begin XCBuildConfiguration section */
		2FBDF65B180402F300D5868B /* Debug */ = {
			isa = XCBuildConfiguration;
			buildSettings = {
				ALWAYS_SEARCH_USER_PATHS = NO;
				ARCHS = "$(ARCHS_STANDARD_INCLUDING_64_BIT)";
				CLANG_CXX_LANGUAGE_STANDARD = "gnu++0x";
				CLANG_CXX_LIBRARY = "libc++";
				CLANG_ENABLE_MODULES = YES;
				CLANG_ENABLE_OBJC_ARC = YES;
				CLANG_WARN_BOOL_CONVERSION = YES;
				CLANG_WARN_CONSTANT_CONVERSION = YES;
				CLANG_WARN_DIRECT_OBJC_ISA_USAGE = YES_ERROR;
				CLANG_WARN_EMPTY_BODY = YES;
				CLANG_WARN_ENUM_CONVERSION = YES;
				CLANG_WARN_INT_CONVERSION = YES;
				CLANG_WARN_OBJC_ROOT_CLASS = YES_ERROR;
				CLANG_WARN__DUPLICATE_METHOD_MATCH = YES;
				COPY_PHASE_STRIP = NO;
				GCC_C_LANGUAGE_STANDARD = gnu99;
				GCC_DYNAMIC_NO_PIC = NO;
				GCC_OPTIMIZATION_LEVEL = 0;
				GCC_PREPROCESSOR_DEFINITIONS = (
					"DEBUG=1",
					"$(inherited)",
				);
				GCC_SYMBOLS_PRIVATE_EXTERN = NO;
				GCC_WARN_64_TO_32_BIT_CONVERSION = YES;
				GCC_WARN_ABOUT_RETURN_TYPE = YES_ERROR;
				GCC_WARN_UNDECLARED_SELECTOR = YES;
				GCC_WARN_UNINITIALIZED_AUTOS = YES;
				GCC_WARN_UNUSED_FUNCTION = YES;
				GCC_WARN_UNUSED_VARIABLE = YES;
				IPHONEOS_DEPLOYMENT_TARGET = 5.0;
				ONLY_ACTIVE_ARCH = YES;
				SDKROOT = iphoneos;
			};
			name = Debug;
		};
		2FBDF65C180402F300D5868B /* Release */ = {
			isa = XCBuildConfiguration;
			buildSettings = {
				ALWAYS_SEARCH_USER_PATHS = NO;
				ARCHS = "$(ARCHS_STANDARD_INCLUDING_64_BIT)";
				CLANG_CXX_LANGUAGE_STANDARD = "gnu++0x";
				CLANG_CXX_LIBRARY = "libc++";
				CLANG_ENABLE_MODULES = YES;
				CLANG_ENABLE_OBJC_ARC = YES;
				CLANG_WARN_BOOL_CONVERSION = YES;
				CLANG_WARN_CONSTANT_CONVERSION = YES;
				CLANG_WARN_DIRECT_OBJC_ISA_USAGE = YES_ERROR;
				CLANG_WARN_EMPTY_BODY = YES;
				CLANG_WARN_ENUM_CONVERSION = YES;
				CLANG_WARN_INT_CONVERSION = YES;
				CLANG_WARN_OBJC_ROOT_CLASS = YES_ERROR;
				CLANG_WARN__DUPLICATE_METHOD_MATCH = YES;
				COPY_PHASE_STRIP = YES;
				ENABLE_NS_ASSERTIONS = NO;
				GCC_C_LANGUAGE_STANDARD = gnu99;
				GCC_WARN_64_TO_32_BIT_CONVERSION = YES;
				GCC_WARN_ABOUT_RETURN_TYPE = YES_ERROR;
				GCC_WARN_UNDECLARED_SELECTOR = YES;
				GCC_WARN_UNINITIALIZED_AUTOS = YES;
				GCC_WARN_UNUSED_FUNCTION = YES;
				GCC_WARN_UNUSED_VARIABLE = YES;
				IPHONEOS_DEPLOYMENT_TARGET = 5.0;
				SDKROOT = iphoneos;
				VALIDATE_PRODUCT = YES;
			};
			name = Release;
		};
		2FBDF65E180402F300D5868B /* Debug */ = {
			isa = XCBuildConfiguration;
			buildSettings = {
				DSTROOT = /tmp/PKRecord.dst;
				GCC_PRECOMPILE_PREFIX_HEADER = YES;
				GCC_PREFIX_HEADER = "PKRecord/PKRecord-Prefix.pch";
				OTHER_LDFLAGS = "-ObjC";
				PRODUCT_NAME = "$(TARGET_NAME)";
				SKIP_INSTALL = YES;
			};
			name = Debug;
		};
		2FBDF65F180402F300D5868B /* Release */ = {
			isa = XCBuildConfiguration;
			buildSettings = {
				DSTROOT = /tmp/PKRecord.dst;
				GCC_PRECOMPILE_PREFIX_HEADER = YES;
				GCC_PREFIX_HEADER = "PKRecord/PKRecord-Prefix.pch";
				OTHER_LDFLAGS = "-ObjC";
				PRODUCT_NAME = "$(TARGET_NAME)";
				SKIP_INSTALL = YES;
			};
			name = Release;
		};
		2FBDF661180402F300D5868B /* Debug */ = {
			isa = XCBuildConfiguration;
			buildSettings = {
				ARCHS = "$(ARCHS_STANDARD_INCLUDING_64_BIT)";
				FRAMEWORK_SEARCH_PATHS = (
					"$(SDKROOT)/Developer/Library/Frameworks",
					"$(inherited)",
					"$(DEVELOPER_FRAMEWORKS_DIR)",
				);
				GCC_PRECOMPILE_PREFIX_HEADER = YES;
				GCC_PREFIX_HEADER = "PKRecord/PKRecord-Prefix.pch";
				GCC_PREPROCESSOR_DEFINITIONS = (
					"DEBUG=1",
					"$(inherited)",
				);
				INFOPLIST_FILE = "PKRecordTests/PKRecordTests-Info.plist";
				PRODUCT_NAME = "$(TARGET_NAME)";
				WRAPPER_EXTENSION = xctest;
			};
			name = Debug;
		};
		2FBDF662180402F300D5868B /* Release */ = {
			isa = XCBuildConfiguration;
			buildSettings = {
				ARCHS = "$(ARCHS_STANDARD_INCLUDING_64_BIT)";
				FRAMEWORK_SEARCH_PATHS = (
					"$(SDKROOT)/Developer/Library/Frameworks",
					"$(inherited)",
					"$(DEVELOPER_FRAMEWORKS_DIR)",
				);
				GCC_PRECOMPILE_PREFIX_HEADER = YES;
				GCC_PREFIX_HEADER = "PKRecord/PKRecord-Prefix.pch";
				INFOPLIST_FILE = "PKRecordTests/PKRecordTests-Info.plist";
				PRODUCT_NAME = "$(TARGET_NAME)";
				WRAPPER_EXTENSION = xctest;
			};
			name = Release;
		};
/* End XCBuildConfiguration section */

/* Begin XCConfigurationList section */
		2FBDF635180402F200D5868B /* Build configuration list for PBXProject "PKRecord" */ = {
			isa = XCConfigurationList;
			buildConfigurations = (
				2FBDF65B180402F300D5868B /* Debug */,
				2FBDF65C180402F300D5868B /* Release */,
			);
			defaultConfigurationIsVisible = 0;
			defaultConfigurationName = Release;
		};
		2FBDF65D180402F300D5868B /* Build configuration list for PBXNativeTarget "PKRecord" */ = {
			isa = XCConfigurationList;
			buildConfigurations = (
				2FBDF65E180402F300D5868B /* Debug */,
				2FBDF65F180402F300D5868B /* Release */,
			);
			defaultConfigurationIsVisible = 0;
			defaultConfigurationName = Release;
		};
		2FBDF660180402F300D5868B /* Build configuration list for PBXNativeTarget "PKRecordTests" */ = {
			isa = XCConfigurationList;
			buildConfigurations = (
				2FBDF661180402F300D5868B /* Debug */,
				2FBDF662180402F300D5868B /* Release */,
			);
			defaultConfigurationIsVisible = 0;
			defaultConfigurationName = Release;
		};
/* End XCConfigurationList section */
	};
	rootObject = 2FBDF632180402F200D5868B /* Project object */;
}
